
Microsoft Visual Studio Solution File, Format Version 12.00
# Visual Studio Version 17
VisualStudioVersion = 17.3.32901.215
MinimumVisualStudioVersion = 10.0.40219.1
Project("{FAE04EC0-301F-11D3-BF4B-00C04F79EFBC}") = "Course", "Course.csproj", "{17FA0C0F-55F2-43E0-833C-588891CC1BE1}"
EndProject
Global
	GlobalSection(SolutionConfigurationPlatforms) = preSolution
		Debug|Any CPU = Debug|Any CPU
		Release|Any CPU = Release|Any CPU
	EndGlobalSection
	GlobalSection(ProjectConfigurationPlatforms) = postSolution
		{17FA0C0F-55F2-43E0-833C-588891CC1BE1}.Debug|Any CPU.ActiveCfg = Debug|Any CPU
		{17FA0C0F-55F2-43E0-833C-588891CC1BE1}.Debug|Any CPU.Build.0 = Debug|Any CPU
		{17FA0C0F-55F2-43E0-833C-588891CC1BE1}.Release|Any CPU.ActiveCfg = Release|Any CPU
		{17FA0C0F-55F2-43E0-833C-588891CC1BE1}.Release|Any CPU.Build.0 = Release|Any CPU
	EndGlobalSection
	GlobalSection(SolutionProperties) = preSolution
		HideSolutionNode = FALSE
	EndGlobalSection
	GlobalSection(ExtensibilityGlobals) = postSolution
		SolutionGuid = {2205D436-6C83-4E84-AD98-3357DACC1DC0}
	EndGlobalSection
EndGlobal
